
Microsoft Visual Studio Solution File, Format Version 12.00
# Visual Studio 15
VisualStudioVersion = 15.0.26730.12
MinimumVisualStudioVersion = 10.0.40219.1
Project("{FAE04EC0-301F-11D3-BF4B-00C04F79EFBC}") = "demo", "demo\demo.csproj", "{770AEBB1-82A8-44C4-86A6-831D06FD138C}"
EndProject
Project("{FAE04EC0-301F-11D3-BF4B-00C04F79EFBC}") = "Assignment1-Codes", "Assignment1-Codes\Assignment1-Codes.csproj", "{3A50CFF4-5BC2-4183-B0EC-E692423C9122}"
EndProject
Project("{FAE04EC0-301F-11D3-BF4B-00C04F79EFBC}") = "ReferencetypeAndValueType.cs", "Referencetype.cs\ReferencetypeAndValueType.cs.csproj", "{A28C0C27-796B-4C28-BDC6-728FEA01BFA6}"
EndProject
Project("{FAE04EC0-301F-11D3-BF4B-00C04F79EFBC}") = "BodyMassIndexInformation", "BodyMassIndexInformation\BodyMassIndexInformation.csproj", "{521D2332-F403-4802-BB93-F4E323D0265A}"
EndProject
Global
	GlobalSection(SolutionConfigurationPlatforms) = preSolution
		Debug|Any CPU = Debug|Any CPU
		Release|Any CPU = Release|Any CPU
	EndGlobalSection
	GlobalSection(ProjectConfigurationPlatforms) = postSolution
		{770AEBB1-82A8-44C4-86A6-831D06FD138C}.Debug|Any CPU.ActiveCfg = Debug|Any CPU
		{770AEBB1-82A8-44C4-86A6-831D06FD138C}.Debug|Any CPU.Build.0 = Debug|Any CPU
		{770AEBB1-82A8-44C4-86A6-831D06FD138C}.Release|Any CPU.ActiveCfg = Release|Any CPU
		{770AEBB1-82A8-44C4-86A6-831D06FD138C}.Release|Any CPU.Build.0 = Release|Any CPU
		{3A50CFF4-5BC2-4183-B0EC-E692423C9122}.Debug|Any CPU.ActiveCfg = Debug|Any CPU
		{3A50CFF4-5BC2-4183-B0EC-E692423C9122}.Debug|Any CPU.Build.0 = Debug|Any CPU
		{3A50CFF4-5BC2-4183-B0EC-E692423C9122}.Release|Any CPU.ActiveCfg = Release|Any CPU
		{3A50CFF4-5BC2-4183-B0EC-E692423C9122}.Release|Any CPU.Build.0 = Release|Any CPU
		{A28C0C27-796B-4C28-BDC6-728FEA01BFA6}.Debug|Any CPU.ActiveCfg = Debug|Any CPU
		{A28C0C27-796B-4C28-BDC6-728FEA01BFA6}.Debug|Any CPU.Build.0 = Debug|Any CPU
		{A28C0C27-796B-4C28-BDC6-728FEA01BFA6}.Release|Any CPU.ActiveCfg = Release|Any CPU
		{A28C0C27-796B-4C28-BDC6-728FEA01BFA6}.Release|Any CPU.Build.0 = Release|Any CPU
		{521D2332-F403-4802-BB93-F4E323D0265A}.Debug|Any CPU.ActiveCfg = Debug|Any CPU
		{521D2332-F403-4802-BB93-F4E323D0265A}.Debug|Any CPU.Build.0 = Debug|Any CPU
		{521D2332-F403-4802-BB93-F4E323D0265A}.Release|Any CPU.ActiveCfg = Release|Any CPU
		{521D2332-F403-4802-BB93-F4E323D0265A}.Release|Any CPU.Build.0 = Release|Any CPU
	EndGlobalSection
	GlobalSection(SolutionProperties) = preSolution
		HideSolutionNode = FALSE
	EndGlobalSection
	GlobalSection(ExtensibilityGlobals) = postSolution
		SolutionGuid = {39A20D13-96C0-4899-BF47-61D5B24AE055}
	EndGlobalSection
EndGlobal
